
Microsoft Visual Studio Solution File, Format Version 12.00
# Visual Studio 2013
VisualStudioVersion = 12.0.40629.0
MinimumVisualStudioVersion = 10.0.40219.1
Project("{FAE04EC0-301F-11D3-BF4B-00C04F79EFBC}") = "ProjectS3", "ProjectS3\ProjectS3.csproj", "{3BE849E2-921F-454C-9000-0D0AFD31186F}"
EndProject
Global
	GlobalSection(SolutionConfigurationPlatforms) = preSolution
		Debug|Any CPU = Debug|Any CPU
		Release|Any CPU = Release|Any CPU
	EndGlobalSection
	GlobalSection(ProjectConfigurationPlatforms) = postSolution
		{3BE849E2-921F-454C-9000-0D0AFD31186F}.Debug|Any CPU.ActiveCfg = Debug|Any CPU
		{3BE849E2-921F-454C-9000-0D0AFD31186F}.Debug|Any CPU.Build.0 = Debug|Any CPU
		{3BE849E2-921F-454C-9000-0D0AFD31186F}.Release|Any CPU.ActiveCfg = Release|Any CPU
		{3BE849E2-921F-454C-9000-0D0AFD31186F}.Release|Any CPU.Build.0 = Release|Any CPU
	EndGlobalSection
	GlobalSection(SolutionProperties) = preSolution
		HideSolutionNode = FALSE
	EndGlobalSection
EndGlobal
